
Microsoft Visual Studio Solution File, Format Version 12.00
# Visual Studio Version 18
VisualStudioVersion = 18.3.11520.95 d18.3
MinimumVisualStudioVersion = 10.0.40219.1
Project("{FAE04EC0-301F-11D3-BF4B-00C04F79EFBC}") = "MauiImageCancellationRepro", "MauiImageCancellationRepro.csproj", "{72C81EF6-4065-FFD9-E323-C3067C3477F7}"
EndProject
Global
	GlobalSection(SolutionConfigurationPlatforms) = preSolution
		Debug|Any CPU = Debug|Any CPU
		Release|Any CPU = Release|Any CPU
	EndGlobalSection
	GlobalSection(ProjectConfigurationPlatforms) = postSolution
		{72C81EF6-4065-FFD9-E323-C3067C3477F7}.Debug|Any CPU.ActiveCfg = Debug|Any CPU
		{72C81EF6-4065-FFD9-E323-C3067C3477F7}.Debug|Any CPU.Build.0 = Debug|Any CPU
		{72C81EF6-4065-FFD9-E323-C3067C3477F7}.Debug|Any CPU.Deploy.0 = Debug|Any CPU
		{72C81EF6-4065-FFD9-E323-C3067C3477F7}.Release|Any CPU.ActiveCfg = Release|Any CPU
		{72C81EF6-4065-FFD9-E323-C3067C3477F7}.Release|Any CPU.Build.0 = Release|Any CPU
	EndGlobalSection
	GlobalSection(SolutionProperties) = preSolution
		HideSolutionNode = FALSE
	EndGlobalSection
	GlobalSection(ExtensibilityGlobals) = postSolution
		SolutionGuid = {55120631-77AA-4892-BBE7-0E8E93A17F9A}
	EndGlobalSection
EndGlobal
